
Microsoft Visual Studio Solution File, Format Version 12.00
# Visual Studio Version 17
VisualStudioVersion = 17.2.32630.192
MinimumVisualStudioVersion = 10.0.40219.1
Project("{FAE04EC0-301F-11D3-BF4B-00C04F79EFBC}") = "HotelManagementSystem", "HotelManagementSystem\HotelManagementSystem.csproj", "{93EE075A-345C-40C9-B6EF-2AAE6CA383EE}"
EndProject
Global
	GlobalSection(SolutionConfigurationPlatforms) = preSolution
		Debug|Any CPU = Debug|Any CPU
		Release|Any CPU = Release|Any CPU
	EndGlobalSection
	GlobalSection(ProjectConfigurationPlatforms) = postSolution
		{93EE075A-345C-40C9-B6EF-2AAE6CA383EE}.Debug|Any CPU.ActiveCfg = Debug|Any CPU
		{93EE075A-345C-40C9-B6EF-2AAE6CA383EE}.Debug|Any CPU.Build.0 = Debug|Any CPU
		{93EE075A-345C-40C9-B6EF-2AAE6CA383EE}.Release|Any CPU.ActiveCfg = Release|Any CPU
		{93EE075A-345C-40C9-B6EF-2AAE6CA383EE}.Release|Any CPU.Build.0 = Release|Any CPU
	EndGlobalSection
	GlobalSection(SolutionProperties) = preSolution
		HideSolutionNode = FALSE
	EndGlobalSection
	GlobalSection(ExtensibilityGlobals) = postSolution
		SolutionGuid = {DFE291AA-5627-427D-8C07-65781452B79B}
	EndGlobalSection
EndGlobal
